
Microsoft Visual Studio Solution File, Format Version 12.00
# Visual Studio Version 17
VisualStudioVersion = 17.4.33103.184
MinimumVisualStudioVersion = 10.0.40219.1
Project("{FAE04EC0-301F-11D3-BF4B-00C04F79EFBC}") = "OnBoardingDemo", "OnBoardingDemo.csproj", "{045F1BD9-66A4-4A36-91D5-9C61254D4F87}"
EndProject
Global
	GlobalSection(SolutionConfigurationPlatforms) = preSolution
		Debug|Any CPU = Debug|Any CPU
		Release|Any CPU = Release|Any CPU
	EndGlobalSection
	GlobalSection(ProjectConfigurationPlatforms) = postSolution
		{045F1BD9-66A4-4A36-91D5-9C61254D4F87}.Debug|Any CPU.ActiveCfg = Debug|Any CPU
		{045F1BD9-66A4-4A36-91D5-9C61254D4F87}.Debug|Any CPU.Build.0 = Debug|Any CPU
		{045F1BD9-66A4-4A36-91D5-9C61254D4F87}.Release|Any CPU.ActiveCfg = Release|Any CPU
		{045F1BD9-66A4-4A36-91D5-9C61254D4F87}.Release|Any CPU.Build.0 = Release|Any CPU
	EndGlobalSection
	GlobalSection(SolutionProperties) = preSolution
		HideSolutionNode = FALSE
	EndGlobalSection
	GlobalSection(ExtensibilityGlobals) = postSolution
		SolutionGuid = {C0870A0E-1377-4590-B029-A88F6D35A889}
	EndGlobalSection
EndGlobal
